
Microsoft Visual Studio Solution File, Format Version 12.00
# Visual Studio 15
VisualStudioVersion = 15.0.27428.2015
MinimumVisualStudioVersion = 10.0.40219.1
Project("{FAE04EC0-301F-11D3-BF4B-00C04F79EFBC}") = "WootingMidi", "WootingMidi\WootingMidi.csproj", "{77C574D9-A6D3-42A4-92DC-78461285304C}"
EndProject
Global
	GlobalSection(SolutionConfigurationPlatforms) = preSolution
		Debug|Any CPU = Debug|Any CPU
		Release|Any CPU = Release|Any CPU
	EndGlobalSection
	GlobalSection(ProjectConfigurationPlatforms) = postSolution
		{77C574D9-A6D3-42A4-92DC-78461285304C}.Debug|Any CPU.ActiveCfg = Debug|Any CPU
		{77C574D9-A6D3-42A4-92DC-78461285304C}.Debug|Any CPU.Build.0 = Debug|Any CPU
		{77C574D9-A6D3-42A4-92DC-78461285304C}.Release|Any CPU.ActiveCfg = Release|Any CPU
		{77C574D9-A6D3-42A4-92DC-78461285304C}.Release|Any CPU.Build.0 = Release|Any CPU
	EndGlobalSection
	GlobalSection(SolutionProperties) = preSolution
		HideSolutionNode = FALSE
	EndGlobalSection
	GlobalSection(ExtensibilityGlobals) = postSolution
		SolutionGuid = {EBEDAA67-02C5-4757-B499-488EBA898760}
	EndGlobalSection
EndGlobal
